# This file is automatically @generated by Cargo.
# It is not intended for manual editing.
version = 4

[[package]]
name = "aho-corasick"
version = "1.1.4"
source = "registry+https://github.com/rust-lang/crates.io-index"
checksum = "ddd31a130427c27518df266943a5308ed92d4b226cc639f5a8f1002816174301"
dependencies = [
 "memchr",
]

[[package]]
name = "alsa"
version = "0.11.0"
source = "registry+https://github.com/rust-lang/crates.io-index"
checksum = "812947049edcd670a82cd5c73c3661d2e58468577ba8489de58e1a73c04cbd5d"
dependencies = [
 "alsa-sys",
 "bitflags 2.13.1",
 "cfg-if",
 "libc",
]

[[package]]
name = "alsa-sys"
version = "0.4.0"
source = "registry+https://github.com/rust-lang/crates.io-index"
checksum = "ad7569085a265dd3f607ebecce7458eaab2132a84393534c95b18dcbc3f31e04"
dependencies = [
 "libc",
 "pkg-config",
]

[[package]]
name = "anstream"
version = "1.0.0"
source = "registry+https://github.com/rust-lang/crates.io-index"
checksum = "824a212faf96e9acacdbd09febd34438f8f711fb84e09a8916013cd7815ca28d"
dependencies = [
 "anstyle",
 "anstyle-parse",
 "anstyle-query",
 "anstyle-wincon",
 "colorchoice",
 "is_terminal_polyfill",
 "utf8parse",
]

[[package]]
name = "anstyle"
version = "1.0.14"
source = "registry+https://github.com/rust-lang/crates.io-index"
checksum = "940b3a0ca603d1eade50a4846a2afffd5ef57a9feac2c0e2ec2e14f9ead76000"

[[package]]
name = "anstyle-parse"
version = "1.0.0"
source = "registry+https://github.com/rust-lang/crates.io-index"
checksum = "52ce7f38b242319f7cabaa6813055467063ecdc9d355bbb4ce0c68908cd8130e"
dependencies = [
 "utf8parse",
]

[[package]]
name = "anstyle-query"
version = "1.1.5"
source = "registry+https://github.com/rust-lang/crates.io-index"
checksum = "40c48f72fd53cd289104fc64099abca73db4166ad86ea0b4341abe65af83dadc"
dependencies = [
 "windows-sys",
]

[[package]]
name = "anstyle-wincon"
version = "3.0.11"
source = "registry+https://github.com/rust-lang/crates.io-index"
checksum = "291e6a250ff86cd4a820112fb8898808a366d8f9f58ce16d1f538353ad55747d"
dependencies = [
 "anstyle",
 "once_cell_polyfill",
 "windows-sys",
]

[[package]]
name = "anyhow"
version = "1.0.104"
source = "registry+https://github.com/rust-lang/crates.io-index"
checksum = "330a5ed07fa54e4702c9d6c4174f74427fc0ef6e214bbd677ae50a5099946470"

[[package]]
name = "approx"
version = "0.5.1"
source = "registry+https://github.com/rust-lang/crates.io-index"
checksum = "cab112f0a86d568ea0e627cc1d6be74a1e9cd55214684db5561995f6dad897c6"
dependencies = [
 "num-traits",
]

[[package]]
name = "audio-core"
version = "0.2.1"
source = "registry+https://github.com/rust-lang/crates.io-index"
checksum = "f93ebbf82d06013f4c41fe71303feb980cddd78496d904d06be627972de51a24"

[[package]]
name = "audioadapter"
version = "4.0.0"
source = "registry+https://github.com/rust-lang/crates.io-index"
checksum = "c75c3943c6c7279bb25a449a8d1727480730ab2efd7b6fd5d6ca51927096e6e4"
dependencies = [
 "audio-core",
 "num-traits",
]

[[package]]
name = "audioadapter-buffers"
version = "4.0.0"
source = "registry+https://github.com/rust-lang/crates.io-index"
checksum = "ece3390b6eb40379094843a1da5aaccc34bc0d85a8cbf68d09fe092fee6de29e"
dependencies = [
 "audioadapter",
 "audioadapter-sample",
 "num-traits",
]

[[package]]
name = "audioadapter-sample"
version = "4.0.0"
source = "registry+https://github.com/rust-lang/crates.io-index"
checksum = "1592f90413568e259413c21a41a3d571feb1774255c209e7966d98f9db708c90"
dependencies = [
 "audio-core",
 "num-traits",
]

[[package]]
name = "autocfg"
version = "1.5.1"
source = "registry+https://github.com/rust-lang/crates.io-index"
checksum = "f2032f911046de80f0a198e0901378627c33f59ea0ac00e363d481118bd70a53"

[[package]]
name = "bindgen"
version = "0.70.1"
source = "registry+https://github.com/rust-lang/crates.io-index"
checksum = "f49d8fed880d473ea71efb9bf597651e77201bdd4893efe54c9e5d65ae04ce6f"
dependencies = [
 "bitflags 2.13.1",
 "cexpr",
 "clang-sys",
 "itertools",
 "log",
 "prettyplease",
 "proc-macro2",
 "quote",
 "regex",
 "rustc-hash",
 "shlex 1.3.0",
 "syn 2.0.119",
]

[[package]]
name = "bitflags"
version = "1.3.2"
source = "registry+https://github.com/rust-lang/crates.io-index"
checksum = "bef38d45163c2f1dde094a7dfd33ccf595c92905c8f8f4fdc18d06fb1037718a"

[[package]]
name = "bitflags"
version = "2.13.1"
source = "registry+https://github.com/rust-lang/crates.io-index"
checksum = "b588b76d00fde79687d7646a9b5bdf3cc0f655e0bbd080335a95d7e96f3587da"

[[package]]
name = "block-buffer"
version = "0.10.4"
source = "registry+https://github.com/rust-lang/crates.io-index"
checksum = "3078c7629b62d3f0439517fa394996acacc5cbc91c5a20d8c658e77abd503a71"
dependencies = [
 "generic-array",
]

[[package]]
name = "block2"
version = "0.6.2"
source = "registry+https://github.com/rust-lang/crates.io-index"
checksum = "cdeb9d870516001442e364c5220d3574d2da8dc765554b4a617230d33fa58ef5"
dependencies = [
 "objc2",
]

[[package]]
name = "bumpalo"
version = "3.20.3"
source = "registry+https://github.com/rust-lang/crates.io-index"
checksum = "72f5acc6cb2ba439de613abc23857ec3d78374d8ed5ac84e9d11336e87da8649"

[[package]]
name = "bytemuck"
version = "1.25.1"
source = "registry+https://github.com/rust-lang/crates.io-index"
checksum = "d6aedf8ae72766347502cf3cb4f41cf5e9cc37d28bee90f1fdaaae15f9cf9424"

[[package]]
name = "bytes"
version = "1.12.1"
source = "registry+https://github.com/rust-lang/crates.io-index"
checksum = "fc652a48c352aef3ea3aed32080501cf3ef6ed5da78602a020c991775b0aff04"

[[package]]
name = "cc"
version = "1.3.0"
source = "registry+https://github.com/rust-lang/crates.io-index"
checksum = "c89588d05638b5b4594a3348a2d6c20277e43a7f5c5202b05cc56888475a47b8"
dependencies = [
 "find-msvc-tools",
 "shlex 2.0.1",
]

[[package]]
name = "cexpr"
version = "0.6.0"
source = "registry+https://github.com/rust-lang/crates.io-index"
checksum = "6fac387a98bb7c37292057cffc56d62ecb629900026402633ae9160df93a8766"
dependencies = [
 "nom",
]

[[package]]
name = "cfg-if"
version = "1.0.4"
source = "registry+https://github.com/rust-lang/crates.io-index"
checksum = "9330f8b2ff13f34540b44e946ef35111825727b38d33286ef986142615121801"

[[package]]
name = "cfg_aliases"
version = "0.2.2"
source = "registry+https://github.com/rust-lang/crates.io-index"
checksum = "f079e83a288787bcd14a6aea84cee5c87a67c5a3e660c30f557a3d24761b3527"

[[package]]
name = "clang-sys"
version = "1.8.1"
source = "registry+https://github.com/rust-lang/crates.io-index"
checksum = "0b023947811758c97c59bf9d1c188fd619ad4718dcaa767947df1cadb14f39f4"
dependencies = [
 "glob",
 "libc",
 "libloading",
]

[[package]]
name = "clap"
version = "4.6.2"
source = "registry+https://github.com/rust-lang/crates.io-index"
checksum = "dd059f9da4f5c36b3787f65d38ccaab1cc315f07b01f89abc8359ee6a8205011"
dependencies = [
 "clap_builder",
 "clap_derive",
]

[[package]]
name = "clap_builder"
version = "4.6.2"
source = "registry+https://github.com/rust-lang/crates.io-index"
checksum = "f09628afdcc538b57f3c6341e9c8e9970f18e4a481690a64974d7023bd33548b"
dependencies = [
 "anstream",
 "anstyle",
 "clap_lex",
 "strsim",
]

[[package]]
name = "clap_derive"
version = "4.6.1"
source = "registry+https://github.com/rust-lang/crates.io-index"
checksum = "f2ce8604710f6733aa641a2b3731eaa1e8b3d9973d5e3565da11800813f997a9"
dependencies = [
 "heck",
 "proc-macro2",
 "quote",
 "syn 2.0.119",
]

[[package]]
name = "clap_lex"
version = "1.1.0"
source = "registry+https://github.com/rust-lang/crates.io-index"
checksum = "c8d4a3bb8b1e0c1050499d1815f5ab16d04f0959b233085fb31653fbfc9d98f9"

[[package]]
name = "colorchoice"
version = "1.0.5"
source = "registry+https://github.com/rust-lang/crates.io-index"
checksum = "1d07550c9036bf2ae0c684c4297d503f838287c83c53686d05370d0e139ae570"

[[package]]
name = "combine"
version = "4.6.7"
source = "registry+https://github.com/rust-lang/crates.io-index"
checksum = "ba5a308b75df32fe02788e748662718f03fde005016435c444eea572398219fd"
dependencies = [
 "bytes",
 "memchr",
]

[[package]]
name = "coreaudio-rs"
version = "0.14.2"
source = "registry+https://github.com/rust-lang/crates.io-index"
checksum = "7d5d7dca3ebcf65a035582c9ad4385371a9d9ee6537474d2a278f4e1e475bb58"
dependencies = [
 "bitflags 2.13.1",
 "libc",
 "objc2-audio-toolbox",
 "objc2-core-audio",
 "objc2-core-audio-types",
 "objc2-core-foundation",
]

[[package]]
name = "cpal"
version = "0.18.1"
source = "registry+https://github.com/rust-lang/crates.io-index"
checksum = "5f77b11176c37874be37e8d691c946e31b2b8c357abce9526f6a99eb469e1028"
dependencies = [
 "alsa",
 "block2",
 "coreaudio-rs",
 "dasp_sample",
 "jni",
 "js-sys",
 "libc",
 "mach2",
 "ndk",
 "ndk-context",
 "num-derive",
 "num-traits",
 "objc2",
 "objc2-audio-toolbox",
 "objc2-avf-audio",
 "objc2-core-audio",
 "objc2-core-audio-types",
 "objc2-core-foundation",
 "objc2-foundation",
 "web-sys",
 "windows",
 "windows-core",
]

[[package]]
name = "cpufeatures"
version = "0.2.17"
source = "registry+https://github.com/rust-lang/crates.io-index"
checksum = "59ed5838eebb26a2bb2e58f6d5b5316989ae9d08bab10e0e6d103e656d1b0280"
dependencies = [
 "libc",
]

[[package]]
name = "crypto-common"
version = "0.1.7"
source = "registry+https://github.com/rust-lang/crates.io-index"
checksum = "78c8292055d1c1df0cce5d180393dc8cce0abec0a7102adb6c7b1eef6016d60a"
dependencies = [
 "generic-array",
 "typenum",
]

[[package]]
name = "ctrlc"
version = "3.5.2"
source = "registry+https://github.com/rust-lang/crates.io-index"
checksum = "e0b1fab2ae45819af2d0731d60f2afe17227ebb1a1538a236da84c93e9a60162"
dependencies = [
 "dispatch2",
 "nix",
 "windows-sys",
]

[[package]]
name = "dasp"
version = "0.11.0"
source = "registry+https://github.com/rust-lang/crates.io-index"
checksum = "7381b67da416b639690ac77c73b86a7b5e64a29e31d1f75fb3b1102301ef355a"
dependencies = [
 "dasp_envelope",
 "dasp_frame",
 "dasp_interpolate",
 "dasp_peak",
 "dasp_ring_buffer",
 "dasp_rms",
 "dasp_sample",
 "dasp_signal",
 "dasp_slice",
 "dasp_window",
]

[[package]]
name = "dasp_envelope"
version = "0.11.0"
source = "registry+https://github.com/rust-lang/crates.io-index"
checksum = "8ec617ce7016f101a87fe85ed44180839744265fae73bb4aa43e7ece1b7668b6"
dependencies = [
 "dasp_frame",
 "dasp_peak",
 "dasp_ring_buffer",
 "dasp_rms",
 "dasp_sample",
]

[[package]]
name = "dasp_frame"
version = "0.11.0"
source = "registry+https://github.com/rust-lang/crates.io-index"
checksum = "b2a3937f5fe2135702897535c8d4a5553f8b116f76c1529088797f2eee7c5cd6"
dependencies = [
 "dasp_sample",
]

[[package]]
name = "dasp_interpolate"
version = "0.11.0"
source = "registry+https://github.com/rust-lang/crates.io-index"
checksum = "7fc975a6563bb7ca7ec0a6c784ead49983a21c24835b0bc96eea11ee407c7486"
dependencies = [
 "dasp_frame",
 "dasp_ring_buffer",
 "dasp_sample",
]

[[package]]
name = "dasp_peak"
version = "0.11.0"
source = "registry+https://github.com/rust-lang/crates.io-index"
checksum = "5cf88559d79c21f3d8523d91250c397f9a15b5fc72fbb3f87fdb0a37b79915bf"
dependencies = [
 "dasp_frame",
 "dasp_sample",
]

[[package]]
name = "dasp_ring_buffer"
version = "0.11.0"
source = "registry+https://github.com/rust-lang/crates.io-index"
checksum = "07d79e19b89618a543c4adec9c5a347fe378a19041699b3278e616e387511ea1"

[[package]]
name = "dasp_rms"
version = "0.11.0"
source = "registry+https://github.com/rust-lang/crates.io-index"
checksum = "a6c5dcb30b7e5014486e2822537ea2beae50b19722ffe2ed7549ab03774575aa"
dependencies = [
 "dasp_frame",
 "dasp_ring_buffer",
 "dasp_sample",
]

[[package]]
name = "dasp_sample"
version = "0.11.0"
source = "registry+https://github.com/rust-lang/crates.io-index"
checksum = "0c87e182de0887fd5361989c677c4e8f5000cd9491d6d563161a8f3a5519fc7f"

[[package]]
name = "dasp_signal"
version = "0.11.0"
source = "registry+https://github.com/rust-lang/crates.io-index"
checksum = "aa1ab7d01689c6ed4eae3d38fe1cea08cba761573fbd2d592528d55b421077e7"
dependencies = [
 "dasp_envelope",
 "dasp_frame",
 "dasp_interpolate",
 "dasp_peak",
 "dasp_ring_buffer",
 "dasp_rms",
 "dasp_sample",
 "dasp_window",
]

[[package]]
name = "dasp_slice"
version = "0.11.0"
source = "registry+https://github.com/rust-lang/crates.io-index"
checksum = "4e1c7335d58e7baedafa516cb361360ff38d6f4d3f9d9d5ee2a2fc8e27178fa1"
dependencies = [
 "dasp_frame",
 "dasp_sample",
]

[[package]]
name = "dasp_window"
version = "0.11.1"
source = "registry+https://github.com/rust-lang/crates.io-index"
checksum = "99ded7b88821d2ce4e8b842c9f1c86ac911891ab89443cc1de750cae764c5076"
dependencies = [
 "dasp_sample",
]

[[package]]
name = "defmt"
version = "1.1.1"
source = "registry+https://github.com/rust-lang/crates.io-index"
checksum = "e2953bfe4f93bbd20cc71198842756f77d161884c99ebbabc41d80231ded88d1"
dependencies = [
 "bitflags 1.3.2",
 "defmt-macros",
]

[[package]]
name = "defmt-macros"
version = "1.1.1"
source = "registry+https://github.com/rust-lang/crates.io-index"
checksum = "bad9c72e7ca2137e0dc3813245a0d282fd6daad32fd800af018306a9169b5fe8"
dependencies = [
 "defmt-parser",
 "proc-macro2",
 "quote",
 "syn 2.0.119",
]

[[package]]
name = "defmt-parser"
version = "1.0.0"
source = "registry+https://github.com/rust-lang/crates.io-index"
checksum = "10d60334b3b2e7c9d91ef8150abfb6fa4c1c39ebbcf4a81c2e346aad939fee3e"
dependencies = [
 "thiserror 2.0.19",
]

[[package]]
name = "digest"
version = "0.10.7"
source = "registry+https://github.com/rust-lang/crates.io-index"
checksum = "9ed9a281f7bc9b7576e61468ba615a66a5c8cfdff42420a70aa82701a3b1e292"
dependencies = [
 "block-buffer",
 "crypto-common",
]

[[package]]
name = "dispatch2"
version = "0.3.1"
source = "registry+https://github.com/rust-lang/crates.io-index"
checksum = "1e0e367e4e7da84520dedcac1901e4da967309406d1e51017ae1abfb97adbd38"
dependencies = [
 "bitflags 2.13.1",
 "block2",
 "libc",
 "objc2",
]

[[package]]
name = "either"
version = "1.16.0"
source = "registry+https://github.com/rust-lang/crates.io-index"
checksum = "91622ff5e7162018101f2fea40d6ebf4a78bbe5a49736a2020649edf9693679e"

[[package]]
name = "env_filter"
version = "2.0.0"
source = "registry+https://github.com/rust-lang/crates.io-index"
checksum = "900d271a03799a1ee8d1ca9b19893b48ca674a9284fefcfb85f05e74ed314217"
dependencies = [
 "log",
 "regex",
]

[[package]]
name = "env_logger"
version = "0.11.11"
source = "registry+https://github.com/rust-lang/crates.io-index"
checksum = "de671bd27a75a797dc9ae289ba1e77276e75e2026408aab65185384e2d5cd3f6"
dependencies = [
 "anstream",
 "anstyle",
 "env_filter",
 "jiff",
 "log",
]

[[package]]
name = "equivalent"
version = "1.0.2"
source = "registry+https://github.com/rust-lang/crates.io-index"
checksum = "877a4ace8713b0bcf2a4e7eec82529c029f1d0619886d18145fea96c3ffe5c0f"

[[package]]
name = "extended"
version = "0.1.0"
source = "registry+https://github.com/rust-lang/crates.io-index"
checksum = "af9673d8203fcb076b19dfd17e38b3d4ae9f44959416ea532ce72415a6020365"

[[package]]
name = "find-msvc-tools"
version = "0.1.9"
source = "registry+https://github.com/rust-lang/crates.io-index"
checksum = "5baebc0774151f905a1a2cc41989300b1e6fbb29aff0ceffa1064fdd3088d582"

[[package]]
name = "funkot-cli"
version = "0.1.0"
dependencies = [
 "anyhow",
 "clap",
 "cpal",
 "ctrlc",
 "env_logger",
 "funkot-core",
 "hound",
 "log",
 "serde_json",
]

[[package]]
name = "funkot-core"
version = "0.1.0"
dependencies = [
 "approx",
 "funkot-core",
 "hound",
 "log",
 "rubato",
 "serde",
 "serde_json",
 "sha2",
 "signalsmith-stretch",
 "symphonia",
]

[[package]]
name = "futures-core"
version = "0.3.33"
source = "registry+https://github.com/rust-lang/crates.io-index"
checksum = "2cd50c473c80f6d7c3670a752354b8e569b1a7cbfdc0419ec88e5edad85e0dc7"

[[package]]
name = "futures-task"
version = "0.3.33"
source = "registry+https://github.com/rust-lang/crates.io-index"
checksum = "b231ed28831efb4a61a08580c4bc233ec56bc009f4cd8f52da2c3cb97df0c109"

[[package]]
name = "futures-util"
version = "0.3.33"
source = "registry+https://github.com/rust-lang/crates.io-index"
checksum = "a77a90a256fce34da66415271e30f94ee91c57b04b8a2c042d9cf3220179deaa"
dependencies = [
 "futures-core",
 "futures-task",
 "pin-project-lite",
 "slab",
]

[[package]]
name = "generic-array"
version = "0.14.7"
source = "registry+https://github.com/rust-lang/crates.io-index"
checksum = "85649ca51fd72272d7821adaf274ad91c288277713d9c18820d8499a7ff69e9a"
dependencies = [
 "typenum",
 "version_check",
]

[[package]]
name = "glob"
version = "0.3.3"
source = "registry+https://github.com/rust-lang/crates.io-index"
checksum = "0cc23270f6e1808e30a928bdc84dea0b9b4136a8bc82338574f23baf47bbd280"

[[package]]
name = "hashbrown"
version = "0.17.1"
source = "registry+https://github.com/rust-lang/crates.io-index"
checksum = "ed5909b6e89a2db4456e54cd5f673791d7eca6732202bbf2a9cc504fe2f9b84a"

[[package]]
name = "heck"
version = "0.5.0"
source = "registry+https://github.com/rust-lang/crates.io-index"
checksum = "2304e00983f87ffb38b55b444b5e3b60a884b5d30c0fca7d82fe33449bbe55ea"

[[package]]
name = "hound"
version = "3.5.1"
source = "registry+https://github.com/rust-lang/crates.io-index"
checksum = "62adaabb884c94955b19907d60019f4e145d091c75345379e70d1ee696f7854f"

[[package]]
name = "indexmap"
version = "2.14.0"
source = "registry+https://github.com/rust-lang/crates.io-index"
checksum = "d466e9454f08e4a911e14806c24e16fba1b4c121d1ea474396f396069cf949d9"
dependencies = [
 "equivalent",
 "hashbrown",
]

[[package]]
name = "is_terminal_polyfill"
version = "1.70.2"
source = "registry+https://github.com/rust-lang/crates.io-index"
checksum = "a6cb138bb79a146c1bd460005623e142ef0181e3d0219cb493e02f7d08a35695"

[[package]]
name = "itertools"
version = "0.13.0"
source = "registry+https://github.com/rust-lang/crates.io-index"
checksum = "413ee7dfc52ee1a4949ceeb7dbc8a33f2d6c088194d9f922fb8318faf1f01186"
dependencies = [
 "either",
]

[[package]]
name = "itoa"
version = "1.0.18"
source = "registry+https://github.com/rust-lang/crates.io-index"
checksum = "8f42a60cbdf9a97f5d2305f08a87dc4e09308d1276d28c869c684d7777685682"

[[package]]
name = "jiff"
version = "0.2.33"
source = "registry+https://github.com/rust-lang/crates.io-index"
checksum = "dc43d6fb25860892c78ef7ce2ffed572087a6853ecb60f587f499329717ed7da"
dependencies = [
 "defmt",
 "jiff-core",
 "jiff-static",
 "log",
 "portable-atomic",
 "portable-atomic-util",
 "serde_core",
]

[[package]]
name = "jiff-core"
version = "0.1.0"
source = "registry+https://github.com/rust-lang/crates.io-index"
checksum = "7feca88439efe53da3754500c1851dedf3cb36c524dd5cf8225cc0794de95d09"
dependencies = [
 "defmt",
]

[[package]]
name = "jiff-static"
version = "0.2.33"
source = "registry+https://github.com/rust-lang/crates.io-index"
checksum = "96fb828bff41eeb269a9665f950cb359e8018f7288b8f34db24937ff54ed8fc5"
dependencies = [
 "jiff-core",
 "proc-macro2",
 "quote",
 "syn 2.0.119",
]

[[package]]
name = "jni"
version = "0.22.4"
source = "registry+https://github.com/rust-lang/crates.io-index"
checksum = "5efd9a482cf3a427f00d6b35f14332adc7902ce91efb778580e180ff90fa3498"
dependencies = [
 "cfg-if",
 "combine",
 "jni-macros",
 "jni-sys 0.4.1",
 "log",
 "simd_cesu8",
 "thiserror 2.0.19",
 "walkdir",
 "windows-link",
]

[[package]]
name = "jni-macros"
version = "0.22.4"
source = "registry+https://github.com/rust-lang/crates.io-index"
checksum = "a00109accc170f0bdb141fed3e393c565b6f5e072365c3bd58f5b062591560a3"
dependencies = [
 "proc-macro2",
 "quote",
 "rustc_version",
 "simd_cesu8",
 "syn 2.0.119",
]

[[package]]
name = "jni-sys"
version = "0.3.1"
source = "registry+https://github.com/rust-lang/crates.io-index"
checksum = "41a652e1f9b6e0275df1f15b32661cf0d4b78d4d87ddec5e0c3c20f097433258"
dependencies = [
 "jni-sys 0.4.1",
]

[[package]]
name = "jni-sys"
version = "0.4.1"
source = "registry+https://github.com/rust-lang/crates.io-index"
checksum = "c6377a88cb3910bee9b0fa88d4f42e1d2da8e79915598f65fb0c7ee14c878af2"
dependencies = [
 "jni-sys-macros",
]

[[package]]
name = "jni-sys-macros"
version = "0.4.1"
source = "registry+https://github.com/rust-lang/crates.io-index"
checksum = "38c0b942f458fe50cdac086d2f946512305e5631e720728f2a61aabcd47a6264"
dependencies = [
 "quote",
 "syn 2.0.119",
]

[[package]]
name = "js-sys"
version = "0.3.103"
source = "registry+https://github.com/rust-lang/crates.io-index"
checksum = "53b44bfcdb3f8d5837a46dae1ca9660a837176eee74a28b229bc626816589102"
dependencies = [
 "cfg-if",
 "futures-util",
 "wasm-bindgen",
]

[[package]]
name = "lazy_static"
version = "1.5.0"
source = "registry+https://github.com/rust-lang/crates.io-index"
checksum = "bbd2bcb4c963f2ddae06a2efc7e9f3591312473c50c6685e1f298068316e66fe"

[[package]]
name = "libc"
version = "0.2.186"
source = "registry+https://github.com/rust-lang/crates.io-index"
checksum = "68ab91017fe16c622486840e4c83c9a37afeff978bd239b5293d61ece587de66"

[[package]]
name = "libloading"
version = "0.8.9"
source = "registry+https://github.com/rust-lang/crates.io-index"
checksum = "d7c4b02199fee7c5d21a5ae7d8cfa79a6ef5bb2fc834d6e9058e89c825efdc55"
dependencies = [
 "cfg-if",
 "windows-link",
]

[[package]]
name = "log"
version = "0.4.33"
source = "registry+https://github.com/rust-lang/crates.io-index"
checksum = "0ceec5bc11778974d1bcb055b18002eba7f4b3518b6a0081b3af5f21666da9ad"

[[package]]
name = "mach2"
version = "0.6.0"
source = "registry+https://github.com/rust-lang/crates.io-index"
checksum = "dae608c151f68243f2b000364e1f7b186d9c29845f7d2d85bd31b9ad77ad552b"

[[package]]
name = "memchr"
version = "2.8.3"
source = "registry+https://github.com/rust-lang/crates.io-index"
checksum = "cf8baf1c55e62ffcace7a9f06f4bd9cd3f0c4beb022d3b367256b91b87513d98"

[[package]]
name = "minimal-lexical"
version = "0.2.1"
source = "registry+https://github.com/rust-lang/crates.io-index"
checksum = "68354c5c6bd36d73ff3feceb05efa59b6acb7626617f4962be322a825e61f79a"

[[package]]
name = "ndk"
version = "0.9.0"
source = "registry+https://github.com/rust-lang/crates.io-index"
checksum = "c3f42e7bbe13d351b6bead8286a43aac9534b82bd3cc43e47037f012ebfd62d4"
dependencies = [
 "bitflags 2.13.1",
 "jni-sys 0.3.1",
 "log",
 "ndk-sys",
 "num_enum",
 "thiserror 1.0.69",
]

[[package]]
name = "ndk-context"
version = "0.1.1"
source = "registry+https://github.com/rust-lang/crates.io-index"
checksum = "27b02d87554356db9e9a873add8782d4ea6e3e58ea071a9adb9a2e8ddb884a8b"

[[package]]
name = "ndk-sys"
version = "0.6.0+11769913"
source = "registry+https://github.com/rust-lang/crates.io-index"
checksum = "ee6cda3051665f1fb8d9e08fc35c96d5a244fb1be711a03b71118828afc9a873"
dependencies = [
 "jni-sys 0.3.1",
]

[[package]]
name = "nix"
version = "0.31.3"
source = "registry+https://github.com/rust-lang/crates.io-index"
checksum = "cf20d2fde8ff38632c426f1165ed7436270b44f199fc55284c38276f9db47c3d"
dependencies = [
 "bitflags 2.13.1",
 "cfg-if",
 "cfg_aliases",
 "libc",
]

[[package]]
name = "nom"
version = "7.1.3"
source = "registry+https://github.com/rust-lang/crates.io-index"
checksum = "d273983c5a657a70a3e8f2a01329822f3b8c8172b73826411a55751e404a0a4a"
dependencies = [
 "memchr",
 "minimal-lexical",
]

[[package]]
name = "num-complex"
version = "0.4.6"
source = "registry+https://github.com/rust-lang/crates.io-index"
checksum = "73f88a1307638156682bada9d7604135552957b7818057dcef22705b4d509495"
dependencies = [
 "num-traits",
]

[[package]]
name = "num-derive"
version = "0.4.2"
source = "registry+https://github.com/rust-lang/crates.io-index"
checksum = "ed3955f1a9c7c0c15e092f9c887db08b1fc683305fdf6eb6684f22555355e202"
dependencies = [
 "proc-macro2",
 "quote",
 "syn 2.0.119",
]

[[package]]
name = "num-integer"
version = "0.1.46"
source = "registry+https://github.com/rust-lang/crates.io-index"
checksum = "7969661fd2958a5cb096e56c8e1ad0444ac2bbcd0061bd28660485a44879858f"
dependencies = [
 "num-traits",
]

[[package]]
name = "num-traits"
version = "0.2.19"
source = "registry+https://github.com/rust-lang/crates.io-index"
checksum = "071dfc062690e90b734c0b2273ce72ad0ffa95f0c74596bc250dcfd960262841"
dependencies = [
 "autocfg",
]

[[package]]
name = "num_enum"
version = "0.7.6"
source = "registry+https://github.com/rust-lang/crates.io-index"
checksum = "5d0bca838442ec211fa11de3a8b0e0e8f3a4522575b5c4c06ed722e005036f26"
dependencies = [
 "num_enum_derive",
 "rustversion",
]

[[package]]
name = "num_enum_derive"
version = "0.7.6"
source = "registry+https://github.com/rust-lang/crates.io-index"
checksum = "680998035259dcfcafe653688bf2aa6d3e2dc05e98be6ab46afb089dc84f1df8"
dependencies = [
 "proc-macro-crate",
 "proc-macro2",
 "quote",
 "syn 2.0.119",
]

[[package]]
name = "objc2"
version = "0.6.4"
source = "registry+https://github.com/rust-lang/crates.io-index"
checksum = "3a12a8ed07aefc768292f076dc3ac8c48f3781c8f2d5851dd3d98950e8c5a89f"
dependencies = [
 "objc2-encode",
]

[[package]]
name = "objc2-audio-toolbox"
version = "0.3.2"
source = "registry+https://github.com/rust-lang/crates.io-index"
checksum = "6948501a91121d6399b79abaa33a8aa4ea7857fe019f341b8c23ad6e81b79b08"
dependencies = [
 "bitflags 2.13.1",
 "libc",
 "objc2",
 "objc2-core-audio",
 "objc2-core-audio-types",
 "objc2-core-foundation",
 "objc2-foundation",
]

[[package]]
name = "objc2-avf-audio"
version = "0.3.2"
source = "registry+https://github.com/rust-lang/crates.io-index"
checksum = "13a380031deed8e99db00065c45937da434ca987c034e13b87e4441f9e4090be"
dependencies = [
 "bitflags 2.13.1",
 "objc2",
 "objc2-foundation",
]

[[package]]
name = "objc2-core-audio"
version = "0.3.2"
source = "registry+https://github.com/rust-lang/crates.io-index"
checksum = "e1eebcea8b0dbff5f7c8504f3107c68fc061a3eb44932051c8cf8a68d969c3b2"
dependencies = [
 "dispatch2",
 "objc2",
 "objc2-core-audio-types",
 "objc2-core-foundation",
 "objc2-foundation",
]

[[package]]
name = "objc2-core-audio-types"
version = "0.3.2"
source = "registry+https://github.com/rust-lang/crates.io-index"
checksum = "5a89f2ec274a0cf4a32642b2991e8b351a404d290da87bb6a9a9d8632490bd1c"
dependencies = [
 "bitflags 2.13.1",
 "objc2",
]

[[package]]
name = "objc2-core-foundation"
version = "0.3.2"
source = "registry+https://github.com/rust-lang/crates.io-index"
checksum = "2a180dd8642fa45cdb7dd721cd4c11b1cadd4929ce112ebd8b9f5803cc79d536"
dependencies = [
 "bitflags 2.13.1",
 "block2",
 "dispatch2",
 "libc",
 "objc2",
]

[[package]]
name = "objc2-encode"
version = "4.1.0"
source = "registry+https://github.com/rust-lang/crates.io-index"
checksum = "ef25abbcd74fb2609453eb695bd2f860d389e457f67dc17cafc8b8cbc89d0c33"

[[package]]
name = "objc2-foundation"
version = "0.3.2"
source = "registry+https://github.com/rust-lang/crates.io-index"
checksum = "e3e0adef53c21f888deb4fa59fc59f7eb17404926ee8a6f59f5df0fd7f9f3272"
dependencies = [
 "bitflags 2.13.1",
 "block2",
 "libc",
 "objc2",
 "objc2-core-foundation",
]

[[package]]
name = "once_cell"
version = "1.21.4"
source = "registry+https://github.com/rust-lang/crates.io-index"
checksum = "9f7c3e4beb33f85d45ae3e3a1792185706c8e16d043238c593331cc7cd313b50"

[[package]]
name = "once_cell_polyfill"
version = "1.70.2"
source = "registry+https://github.com/rust-lang/crates.io-index"
checksum = "384b8ab6d37215f3c5301a95a4accb5d64aa607f1fcb26a11b5303878451b4fe"

[[package]]
name = "pin-project-lite"
version = "0.2.17"
source = "registry+https://github.com/rust-lang/crates.io-index"
checksum = "a89322df9ebe1c1578d689c92318e070967d1042b512afbe49518723f4e6d5cd"

[[package]]
name = "pkg-config"
version = "0.3.33"
source = "registry+https://github.com/rust-lang/crates.io-index"
checksum = "19f132c84eca552bf34cab8ec81f1c1dcc229b811638f9d283dceabe58c5569e"

[[package]]
name = "portable-atomic"
version = "1.14.0"
source = "registry+https://github.com/rust-lang/crates.io-index"
checksum = "3d20d5497ef88037a52ff98267d066e7f11fcc5e99bbfbd58a42336193aacec3"

[[package]]
name = "portable-atomic-util"
version = "0.2.7"
source = "registry+https://github.com/rust-lang/crates.io-index"
checksum = "c2a106d1259c23fac8e543272398ae0e3c0b8d33c88ed73d0cc71b0f1d902618"
dependencies = [
 "portable-atomic",
]

[[package]]
name = "prettyplease"
version = "0.2.37"
source = "registry+https://github.com/rust-lang/crates.io-index"
checksum = "479ca8adacdd7ce8f1fb39ce9ecccbfe93a3f1344b3d0d97f20bc0196208f62b"
dependencies = [
 "proc-macro2",
 "syn 2.0.119",
]

[[package]]
name = "primal-check"
version = "0.3.4"
source = "registry+https://github.com/rust-lang/crates.io-index"
checksum = "dc0d895b311e3af9902528fbb8f928688abbd95872819320517cc24ca6b2bd08"
dependencies = [
 "num-integer",
]

[[package]]
name = "proc-macro-crate"
version = "3.5.0"
source = "registry+https://github.com/rust-lang/crates.io-index"
checksum = "e67ba7e9b2b56446f1d419b1d807906278ffa1a658a8a5d8a39dcb1f5a78614f"
dependencies = [
 "toml_edit",
]

[[package]]
name = "proc-macro2"
version = "1.0.107"
source = "registry+https://github.com/rust-lang/crates.io-index"
checksum = "985e7ec9bb745e6ce6535b544d84d6cd6f7ad8bd711c398938ae983b91a766d9"
dependencies = [
 "unicode-ident",
]

[[package]]
name = "quote"
version = "1.0.47"
source = "registry+https://github.com/rust-lang/crates.io-index"
checksum = "1fbf4db142a473a8d80c26bbf18454ed458bf8d26c8219c331daecfdbd079001"
dependencies = [
 "proc-macro2",
]

[[package]]
name = "realfft"
version = "3.5.0"
source = "registry+https://github.com/rust-lang/crates.io-index"
checksum = "f821338fddb99d089116342c46e9f1fbf3828dba077674613e734e01d6ea8677"
dependencies = [
 "rustfft",
]

[[package]]
name = "regex"
version = "1.13.1"
source = "registry+https://github.com/rust-lang/crates.io-index"
checksum = "f020237b6c8eed93db2e2cb53c00c60a8e1bc73da7d073199a1180401450218d"
dependencies = [
 "aho-corasick",
 "memchr",
 "regex-automata",
 "regex-syntax",
]

[[package]]
name = "regex-automata"
version = "0.4.16"
source = "registry+https://github.com/rust-lang/crates.io-index"
checksum = "8fcfdb36bda0c880c5931cdc7a2bcdc8ba4556847b9d912bca70bc94708711ad"
dependencies = [
 "aho-corasick",
 "memchr",
 "regex-syntax",
]

[[package]]
name = "regex-lite"
version = "0.1.9"
source = "registry+https://github.com/rust-lang/crates.io-index"
checksum = "cab834c73d247e67f4fae452806d17d3c7501756d98c8808d7c9c7aa7d18f973"

[[package]]
name = "regex-syntax"
version = "0.8.11"
source = "registry+https://github.com/rust-lang/crates.io-index"
checksum = "d6f6ff9a378485b298a5286656da665ba74413d36db0979633275d2e708145d4"

[[package]]
name = "rubato"
version = "4.0.0"
source = "registry+https://github.com/rust-lang/crates.io-index"
checksum = "f57c655d11e929f05a8663b323ff553f8d9773be05dfdc087795955bedeb8d92"
dependencies = [
 "audioadapter",
 "audioadapter-buffers",
 "num-complex",
 "num-integer",
 "num-traits",
 "realfft",
 "visibility",
 "windowfunctions",
]

[[package]]
name = "rustc-hash"
version = "1.1.0"
source = "registry+https://github.com/rust-lang/crates.io-index"
checksum = "08d43f7aa6b08d49f382cde6a7982047c3426db949b1424bc4b7ec9ae12c6ce2"

[[package]]
name = "rustc_version"
version = "0.4.1"
source = "registry+https://github.com/rust-lang/crates.io-index"
checksum = "cfcb3a22ef46e85b45de6ee7e79d063319ebb6594faafcf1c225ea92ab6e9b92"
dependencies = [
 "semver",
]

[[package]]
name = "rustfft"
version = "6.4.1"
source = "registry+https://github.com/rust-lang/crates.io-index"
checksum = "21db5f9893e91f41798c88680037dba611ca6674703c1a18601b01a72c8adb89"
dependencies = [
 "num-complex",
 "num-integer",
 "num-traits",
 "primal-check",
 "strength_reduce",
 "transpose",
]

[[package]]
name = "rustversion"
version = "1.0.23"
source = "registry+https://github.com/rust-lang/crates.io-index"
checksum = "cf54715a573b99ac80df0bc206da022bcd442c974952c7b9720069370852e21f"

[[package]]
name = "same-file"
version = "1.0.6"
source = "registry+https://github.com/rust-lang/crates.io-index"
checksum = "93fc1dc3aaa9bfed95e02e6eadabb4baf7e3078b0bd1b4d7b6b0b68378900502"
dependencies = [
 "winapi-util",
]

[[package]]
name = "semver"
version = "1.0.28"
source = "registry+https://github.com/rust-lang/crates.io-index"
checksum = "8a7852d02fc848982e0c167ef163aaff9cd91dc640ba85e263cb1ce46fae51cd"

[[package]]
name = "serde"
version = "1.0.229"
source = "registry+https://github.com/rust-lang/crates.io-index"
checksum = "4148590afebada386688f18773da617792bf2ef03ffc1e4cbd2b1d45b023e0ba"
dependencies = [
 "serde_core",
 "serde_derive",
]

[[package]]
name = "serde_core"
version = "1.0.229"
source = "registry+https://github.com/rust-lang/crates.io-index"
checksum = "67dca2c9c51e58a4791a4b1ed58308b39c64224d349a935ab5039aa360942a48"
dependencies = [
 "serde_derive",
]

[[package]]
name = "serde_derive"
version = "1.0.229"
source = "registry+https://github.com/rust-lang/crates.io-index"
checksum = "e7a5d71263a5a7d47b41f6b3f06ba276f10cc18b0931f1799f710578e2309348"
dependencies = [
 "proc-macro2",
 "quote",
 "syn 3.0.0",
]

[[package]]
name = "serde_json"
version = "1.0.150"
source = "registry+https://github.com/rust-lang/crates.io-index"
checksum = "e8014e44b4736ed0538adeecded0fce2a272f22dc9578a7eb6b2d9993c74cfb9"
dependencies = [
 "itoa",
 "memchr",
 "serde",
 "serde_core",
 "zmij",
]

[[package]]
name = "sha2"
version = "0.10.9"
source = "registry+https://github.com/rust-lang/crates.io-index"
checksum = "a7507d819769d01a365ab707794a4084392c824f54a7a6a7862f8c3d0892b283"
dependencies = [
 "cfg-if",
 "cpufeatures",
 "digest",
]

[[package]]
name = "shlex"
version = "1.3.0"
source = "registry+https://github.com/rust-lang/crates.io-index"
checksum = "0fda2ff0d084019ba4d7c6f371c95d8fd75ce3524c3cb8fb653a3023f6323e64"

[[package]]
name = "shlex"
version = "2.0.1"
source = "registry+https://github.com/rust-lang/crates.io-index"
checksum = "f8fadd59c855ef2080decdef8ff161eb6661b86933c9d82e5ba29dc602a55aba"

[[package]]
name = "signalsmith-stretch"
version = "0.1.3"
source = "registry+https://github.com/rust-lang/crates.io-index"
checksum = "51dae6f10b5532510f65c309c4d868babe3aecf6ce0782678081338311f176fd"
dependencies = [
 "bindgen",
 "cc",
 "dasp",
]

[[package]]
name = "simd_cesu8"
version = "1.2.0"
source = "registry+https://github.com/rust-lang/crates.io-index"
checksum = "11031e251abf8611c80f460e19dbdeb54a66db918e49c65a7065b46ac7aec520"
dependencies = [
 "rustc_version",
 "simdutf8",
]

[[package]]
name = "simdutf8"
version = "0.1.5"
source = "registry+https://github.com/rust-lang/crates.io-index"
checksum = "e3a9fe34e3e7a50316060351f37187a3f546bce95496156754b601a5fa71b76e"

[[package]]
name = "slab"
version = "0.4.12"
source = "registry+https://github.com/rust-lang/crates.io-index"
checksum = "0c790de23124f9ab44544d7ac05d60440adc586479ce501c1d6d7da3cd8c9cf5"

[[package]]
name = "smallvec"
version = "1.15.2"
source = "registry+https://github.com/rust-lang/crates.io-index"
checksum = "8ed6a63f02c8539c91a8685a86f4099661ba3da017932f6ebbea6de3f0fa7c90"

[[package]]
name = "strength_reduce"
version = "0.2.4"
source = "registry+https://github.com/rust-lang/crates.io-index"
checksum = "fe895eb47f22e2ddd4dabc02bce419d2e643c8e3b585c78158b349195bc24d82"

[[package]]
name = "strsim"
version = "0.11.1"
source = "registry+https://github.com/rust-lang/crates.io-index"
checksum = "7da8b5736845d9f2fcb837ea5d9e2628564b3b043a70948a3f0b778838c5fb4f"

[[package]]
name = "symphonia"
version = "0.6.0"
source = "registry+https://github.com/rust-lang/crates.io-index"
checksum = "1758d6c853020a7244de03cc3e0185eaea3f58715122422dd3cc7452e6d4c16a"
dependencies = [
 "lazy_static",
 "symphonia-bundle-flac",
 "symphonia-bundle-mp3",
 "symphonia-codec-aac",
 "symphonia-codec-alac",
 "symphonia-codec-pcm",
 "symphonia-codec-vorbis",
 "symphonia-core",
 "symphonia-format-isomp4",
 "symphonia-format-ogg",
 "symphonia-format-riff",
 "symphonia-metadata",
]

[[package]]
name = "symphonia-bundle-flac"
version = "0.6.0"
source = "registry+https://github.com/rust-lang/crates.io-index"
checksum = "ee69ad01236a67260b82fd1ff9790dd75ead29f2f46af145e63b7e72273e0e03"
dependencies = [
 "log",
 "symphonia-common",
 "symphonia-core",
 "symphonia-metadata",
]

[[package]]
name = "symphonia-bundle-mp3"
version = "0.6.0"
source = "registry+https://github.com/rust-lang/crates.io-index"
checksum = "350f1f2f2e19ad4dd315db94304d1eb361b29af070681f94e51b8fdaad769546"
dependencies = [
 "lazy_static",
 "log",
 "symphonia-core",
]

[[package]]
name = "symphonia-codec-aac"
version = "0.6.0"
source = "registry+https://github.com/rust-lang/crates.io-index"
checksum = "f1979c515a76371b186aad2feff5f23e21cbec775bf95de08bf1e3af92a2ad76"
dependencies = [
 "lazy_static",
 "log",
 "symphonia-common",
 "symphonia-core",
]

[[package]]
name = "symphonia-codec-alac"
version = "0.6.0"
source = "registry+https://github.com/rust-lang/crates.io-index"
checksum = "3a149cbfc7fb5c405d123a273227d31de17138419552112bf1aa7b73e65827b8"
dependencies = [
 "log",
 "symphonia-common",
 "symphonia-core",
]

[[package]]
name = "symphonia-codec-pcm"
version = "0.6.0"
source = "registry+https://github.com/rust-lang/crates.io-index"
checksum = "50baee168f0e9dcf6ba7fc06e8b57eb62072a4490cc7cf13af77e72baae5d328"
dependencies = [
 "log",
 "symphonia-core",
]

[[package]]
name = "symphonia-codec-vorbis"
version = "0.6.0"
source = "registry+https://github.com/rust-lang/crates.io-index"
checksum = "45b07b4423cd8e0fc472575909a5554b12c2f58e3c190b38c24f042e732fd8de"
dependencies = [
 "log",
 "symphonia-common",
 "symphonia-core",
]

[[package]]
name = "symphonia-common"
version = "0.6.0"
source = "registry+https://github.com/rust-lang/crates.io-index"
checksum = "8257891ffa7f05e02b58f4761e2abf7e5278c8744fd59e981559e050f86eef55"
dependencies = [
 "log",
 "symphonia-core",
 "symphonia-metadata",
]

[[package]]
name = "symphonia-core"
version = "0.6.0"
source = "registry+https://github.com/rust-lang/crates.io-index"
checksum = "95ec293b5f288383b72a7bffcade6b2860b642cf66f28b3bd5967349a49938b1"
dependencies = [
 "bitflags 2.13.1",
 "bytemuck",
 "lazy_static",
 "log",
 "num-complex",
 "smallvec",
]

[[package]]
name = "symphonia-format-isomp4"
version = "0.6.0"
source = "registry+https://github.com/rust-lang/crates.io-index"
checksum = "2d179a01305b3505940135a9f0180d6ef4b487912748fe97554756f120fbd05e"
dependencies = [
 "log",
 "symphonia-common",
 "symphonia-core",
 "symphonia-metadata",
]

[[package]]
name = "symphonia-format-ogg"
version = "0.6.0"
source = "registry+https://github.com/rust-lang/crates.io-index"
checksum = "b05a67e02b1e4fca1a261ba4fe06910a9357489ad8c36aafdd2960e9c6559433"
dependencies = [
 "log",
 "symphonia-common",
 "symphonia-core",
 "symphonia-metadata",
]

[[package]]
name = "symphonia-format-riff"
version = "0.6.0"
source = "registry+https://github.com/rust-lang/crates.io-index"
checksum = "17424452a777666d3eaf09a5c651029b15b6a333812fcc5b5474f2a3f0cff3f0"
dependencies = [
 "extended",
 "log",
 "symphonia-core",
 "symphonia-metadata",
]

[[package]]
name = "symphonia-metadata"
version = "0.6.0"
source = "registry+https://github.com/rust-lang/crates.io-index"
checksum = "a31acf5cd623398a6208e2225d18f4b20f761c55098a796a5247ad516a4a8681"
dependencies = [
 "lazy_static",
 "log",
 "regex-lite",
 "smallvec",
 "symphonia-core",
]

[[package]]
name = "syn"
version = "2.0.119"
source = "registry+https://github.com/rust-lang/crates.io-index"
checksum = "872831b642d1a07999a962a351ed35b955ea2cfc8f3862091e2a240a84f17297"
dependencies = [
 "proc-macro2",
 "quote",
 "unicode-ident",
]

[[package]]
name = "syn"
version = "3.0.0"
source = "registry+https://github.com/rust-lang/crates.io-index"
checksum = "f2fac314a64dc9a36e61a9eb4261a5e9bbfbc922b27e518af97bc32b926cf967"
dependencies = [
 "proc-macro2",
 "quote",
 "unicode-ident",
]

[[package]]
name = "thiserror"
version = "1.0.69"
source = "registry+https://github.com/rust-lang/crates.io-index"
checksum = "b6aaf5339b578ea85b50e080feb250a3e8ae8cfcdff9a461c9ec2904bc923f52"
dependencies = [
 "thiserror-impl 1.0.69",
]

[[package]]
name = "thiserror"
version = "2.0.19"
source = "registry+https://github.com/rust-lang/crates.io-index"
checksum = "09a43598840e33d5b0331f38c5e30d13bb11c11210a4b58f0d9b18a5a5eefcd9"
dependencies = [
 "thiserror-impl 2.0.19",
]

[[package]]
name = "thiserror-impl"
version = "1.0.69"
source = "registry+https://github.com/rust-lang/crates.io-index"
checksum = "4fee6c4efc90059e10f81e6d42c60a18f76588c3d74cb83a0b242a2b6c7504c1"
dependencies = [
 "proc-macro2",
 "quote",
 "syn 2.0.119",
]

[[package]]
name = "thiserror-impl"
version = "2.0.19"
source = "registry+https://github.com/rust-lang/crates.io-index"
checksum = "43cbfe0cf76104d42a574802844187e84a305e531ed54455f11fbde0f10541cd"
dependencies = [
 "proc-macro2",
 "quote",
 "syn 3.0.0",
]

[[package]]
name = "toml_datetime"
version = "1.1.1+spec-1.1.0"
source = "registry+https://github.com/rust-lang/crates.io-index"
checksum = "3165f65f62e28e0115a00b2ebdd37eb6f3b641855f9d636d3cd4103767159ad7"
dependencies = [
 "serde_core",
]

[[package]]
name = "toml_edit"
version = "0.25.13+spec-1.1.0"
source = "registry+https://github.com/rust-lang/crates.io-index"
checksum = "6975367e4d2ef766d86af01ffad14b622fecc8d4357a998fbc4deb6e9bacaf9b"
dependencies = [
 "indexmap",
 "toml_datetime",
 "toml_parser",
 "winnow",
]

[[package]]
name = "toml_parser"
version = "1.1.2+spec-1.1.0"
source = "registry+https://github.com/rust-lang/crates.io-index"
checksum = "a2abe9b86193656635d2411dc43050282ca48aa31c2451210f4202550afb7526"
dependencies = [
 "winnow",
]

[[package]]
name = "transpose"
version = "0.2.3"
source = "registry+https://github.com/rust-lang/crates.io-index"
checksum = "1ad61aed86bc3faea4300c7aee358b4c6d0c8d6ccc36524c96e4c92ccf26e77e"
dependencies = [
 "num-integer",
 "strength_reduce",
]

[[package]]
name = "typenum"
version = "1.20.1"
source = "registry+https://github.com/rust-lang/crates.io-index"
checksum = "b6f5e870be6c3b371b77fe0ee0bafb859fa4964b4404c27de1d380043c4dda20"

[[package]]
name = "unicode-ident"
version = "1.0.24"
source = "registry+https://github.com/rust-lang/crates.io-index"
checksum = "e6e4313cd5fcd3dad5cafa179702e2b244f760991f45397d14d4ebf38247da75"

[[package]]
name = "utf8parse"
version = "0.2.2"
source = "registry+https://github.com/rust-lang/crates.io-index"
checksum = "06abde3611657adf66d383f00b093d7faecc7fa57071cce2578660c9f1010821"

[[package]]
name = "version_check"
version = "0.9.5"
source = "registry+https://github.com/rust-lang/crates.io-index"
checksum = "0b928f33d975fc6ad9f86c8f283853ad26bdd5b10b7f1542aa2fa15e2289105a"

[[package]]
name = "visibility"
version = "0.1.1"
source = "registry+https://github.com/rust-lang/crates.io-index"
checksum = "d674d135b4a8c1d7e813e2f8d1c9a58308aee4a680323066025e53132218bd91"
dependencies = [
 "proc-macro2",
 "quote",
 "syn 2.0.119",
]

[[package]]
name = "walkdir"
version = "2.5.0"
source = "registry+https://github.com/rust-lang/crates.io-index"
checksum = "29790946404f91d9c5d06f9874efddea1dc06c5efe94541a7d6863108e3a5e4b"
dependencies = [
 "same-file",
 "winapi-util",
]

[[package]]
name = "wasm-bindgen"
version = "0.2.126"
source = "registry+https://github.com/rust-lang/crates.io-index"
checksum = "4b067c0c11094aef6b7a801c1e34a26affafdf3d051dba08456b868789aaf9a4"
dependencies = [
 "cfg-if",
 "once_cell",
 "rustversion",
 "wasm-bindgen-macro",
 "wasm-bindgen-shared",
]

[[package]]
name = "wasm-bindgen-macro"
version = "0.2.126"
source = "registry+https://github.com/rust-lang/crates.io-index"
checksum = "167ce5e579f6bcf889c4f7175a8a5a585de84e8ff93976ce393efa5f2837aab1"
dependencies = [
 "quote",
 "wasm-bindgen-macro-support",
]

[[package]]
name = "wasm-bindgen-macro-support"
version = "0.2.126"
source = "registry+https://github.com/rust-lang/crates.io-index"
checksum = "f3997c7839262f4ef12cf90b818d6340c18e80f263f1a94bf157d0ec4420380e"
dependencies = [
 "bumpalo",
 "proc-macro2",
 "quote",
 "syn 2.0.119",
 "wasm-bindgen-shared",
]

[[package]]
name = "wasm-bindgen-shared"
version = "0.2.126"
source = "registry+https://github.com/rust-lang/crates.io-index"
checksum = "dc1b4cb0cc549fcf58d7dfc081778139b3d283a081644e833e84682ad71cea24"
dependencies = [
 "unicode-ident",
]

[[package]]
name = "web-sys"
version = "0.3.103"
source = "registry+https://github.com/rust-lang/crates.io-index"
checksum = "8622dcb61c0bcc9fffa6938bed81210af2da9a7e4a1a834b2e37a59b6dfb6141"
dependencies = [
 "js-sys",
 "wasm-bindgen",
]

[[package]]
name = "winapi-util"
version = "0.1.11"
source = "registry+https://github.com/rust-lang/crates.io-index"
checksum = "c2a7b1c03c876122aa43f3020e6c3c3ee5c05081c9a00739faf7503aeba10d22"
dependencies = [
 "windows-sys",
]

[[package]]
name = "windowfunctions"
version = "0.1.1"
source = "registry+https://github.com/rust-lang/crates.io-index"
checksum = "90628d739333b7c5d2ee0b70210b97b8cddc38440c682c96fd9e2c24c2db5f3a"
dependencies = [
 "num-traits",
]

[[package]]
name = "windows"
version = "0.62.2"
source = "registry+https://github.com/rust-lang/crates.io-index"
checksum = "527fadee13e0c05939a6a05d5bd6eec6cd2e3dbd648b9f8e447c6518133d8580"
dependencies = [
 "windows-collections",
 "windows-core",
 "windows-future",
 "windows-numerics",
]

[[package]]
name = "windows-collections"
version = "0.3.2"
source = "registry+https://github.com/rust-lang/crates.io-index"
checksum = "23b2d95af1a8a14a3c7367e1ed4fc9c20e0a26e79551b1454d72583c97cc6610"
dependencies = [
 "windows-core",
]

[[package]]
name = "windows-core"
version = "0.62.2"
source = "registry+https://github.com/rust-lang/crates.io-index"
checksum = "b8e83a14d34d0623b51dce9581199302a221863196a1dde71a7663a4c2be9deb"
dependencies = [
 "windows-implement",
 "windows-interface",
 "windows-link",
 "windows-result",
 "windows-strings",
]

[[package]]
name = "windows-future"
version = "0.3.2"
source = "registry+https://github.com/rust-lang/crates.io-index"
checksum = "e1d6f90251fe18a279739e78025bd6ddc52a7e22f921070ccdc67dde84c605cb"
dependencies = [
 "windows-core",
 "windows-link",
 "windows-threading",
]

[[package]]
name = "windows-implement"
version = "0.60.2"
source = "registry+https://github.com/rust-lang/crates.io-index"
checksum = "053e2e040ab57b9dc951b72c264860db7eb3b0200ba345b4e4c3b14f67855ddf"
dependencies = [
 "proc-macro2",
 "quote",
 "syn 2.0.119",
]

[[package]]
name = "windows-interface"
version = "0.59.3"
source = "registry+https://github.com/rust-lang/crates.io-index"
checksum = "3f316c4a2570ba26bbec722032c4099d8c8bc095efccdc15688708623367e358"
dependencies = [
 "proc-macro2",
 "quote",
 "syn 2.0.119",
]

[[package]]
name = "windows-link"
version = "0.2.1"
source = "registry+https://github.com/rust-lang/crates.io-index"
checksum = "f0805222e57f7521d6a62e36fa9163bc891acd422f971defe97d64e70d0a4fe5"

[[package]]
name = "windows-numerics"
version = "0.3.1"
source = "registry+https://github.com/rust-lang/crates.io-index"
checksum = "6e2e40844ac143cdb44aead537bbf727de9b044e107a0f1220392177d15b0f26"
dependencies = [
 "windows-core",
 "windows-link",
]

[[package]]
name = "windows-result"
version = "0.4.1"
source = "registry+https://github.com/rust-lang/crates.io-index"
checksum = "7781fa89eaf60850ac3d2da7af8e5242a5ea78d1a11c49bf2910bb5a73853eb5"
dependencies = [
 "windows-link",
]

[[package]]
name = "windows-strings"
version = "0.5.1"
source = "registry+https://github.com/rust-lang/crates.io-index"
checksum = "7837d08f69c77cf6b07689544538e017c1bfcf57e34b4c0ff58e6c2cd3b37091"
dependencies = [
 "windows-link",
]

[[package]]
name = "windows-sys"
version = "0.61.2"
source = "registry+https://github.com/rust-lang/crates.io-index"
checksum = "ae137229bcbd6cdf0f7b80a31df61766145077ddf49416a728b02cb3921ff3fc"
dependencies = [
 "windows-link",
]

[[package]]
name = "windows-threading"
version = "0.2.1"
source = "registry+https://github.com/rust-lang/crates.io-index"
checksum = "3949bd5b99cafdf1c7ca86b43ca564028dfe27d66958f2470940f73d86d75b37"
dependencies = [
 "windows-link",
]

[[package]]
name = "winnow"
version = "1.0.4"
source = "registry+https://github.com/rust-lang/crates.io-index"
checksum = "23b97319f7b8343df12cc98938e5c3eb436064524c8d2b4e30a1d3a36eecdf81"
dependencies = [
 "memchr",
]

[[package]]
name = "zmij"
version = "1.0.23"
source = "registry+https://github.com/rust-lang/crates.io-index"
checksum = "29666d0abbfad1e3dc4dcf6144730dd3a3ab225bbbdac83319345b1b44ccfc1b"
